
Microsoft Visual Studio Solution File, Format Version 12.00
# Visual Studio Version 17
VisualStudioVersion = 17.0.31903.59
MinimumVisualStudioVersion = 10.0.40219.1
Project("{FAE04EC0-301F-11D3-BF4B-00C04F79EFBC}") = "NetAtlas.Core", "NetAtlas.Core\NetAtlas.Core.csproj", "{E8A3CBBC-F772-4302-8CEB-DEE47E73DB50}"
EndProject
Project("{FAE04EC0-301F-11D3-BF4B-00C04F79EFBC}") = "NetAtlas.Data.Sqlite", "NetAtlas.Data.Sqlite\NetAtlas.Data.Sqlite.csproj", "{8FE04F59-171B-4F5F-A66B-CD23798251C4}"
EndProject
Project("{FAE04EC0-301F-11D3-BF4B-00C04F79EFBC}") = "NetAtlas.Console", "NetAtlas.Console\NetAtlas.Console.csproj", "{B81AA092-38CE-409C-BF49-B3CAE290E893}"
EndProject
Global
	GlobalSection(SolutionConfigurationPlatforms) = preSolution
		Debug|Any CPU = Debug|Any CPU
		Release|Any CPU = Release|Any CPU
	EndGlobalSection
	GlobalSection(ProjectConfigurationPlatforms) = postSolution
		{E8A3CBBC-F772-4302-8CEB-DEE47E73DB50}.Debug|Any CPU.ActiveCfg = Debug|Any CPU
		{E8A3CBBC-F772-4302-8CEB-DEE47E73DB50}.Debug|Any CPU.Build.0 = Debug|Any CPU
		{E8A3CBBC-F772-4302-8CEB-DEE47E73DB50}.Release|Any CPU.ActiveCfg = Release|Any CPU
		{E8A3CBBC-F772-4302-8CEB-DEE47E73DB50}.Release|Any CPU.Build.0 = Release|Any CPU
		{8FE04F59-171B-4F5F-A66B-CD23798251C4}.Debug|Any CPU.ActiveCfg = Debug|Any CPU
		{8FE04F59-171B-4F5F-A66B-CD23798251C4}.Debug|Any CPU.Build.0 = Debug|Any CPU
		{8FE04F59-171B-4F5F-A66B-CD23798251C4}.Release|Any CPU.ActiveCfg = Release|Any CPU
		{8FE04F59-171B-4F5F-A66B-CD23798251C4}.Release|Any CPU.Build.0 = Release|Any CPU
		{B81AA092-38CE-409C-BF49-B3CAE290E893}.Debug|Any CPU.ActiveCfg = Debug|Any CPU
		{B81AA092-38CE-409C-BF49-B3CAE290E893}.Debug|Any CPU.Build.0 = Debug|Any CPU
		{B81AA092-38CE-409C-BF49-B3CAE290E893}.Release|Any CPU.ActiveCfg = Release|Any CPU
		{B81AA092-38CE-409C-BF49-B3CAE290E893}.Release|Any CPU.Build.0 = Release|Any CPU
	EndGlobalSection
	GlobalSection(SolutionProperties) = preSolution
		HideSolutionNode = FALSE
	EndGlobalSection
	GlobalSection(ExtensibilityGlobals) = postSolution
		SolutionGuid = {D4331B0F-EAB0-4ABD-8D0D-5D50D6CDA238}
	EndGlobalSection
EndGlobal
